
Microsoft Visual Studio Solution File, Format Version 12.00
# Visual Studio Version 17
VisualStudioVersion = 17.7.34024.191
MinimumVisualStudioVersion = 10.0.40219.1
Project("{FAE04EC0-301F-11D3-BF4B-00C04F79EFBC}") = "WebCrawler.Data", "WebCrawler.Data\WebCrawler.Data.csproj", "{03F33DE2-ED2F-4321-851F-AF54F65FA8AC}"
EndProject
Global
	GlobalSection(SolutionConfigurationPlatforms) = preSolution
		Debug|Any CPU = Debug|Any CPU
		Release|Any CPU = Release|Any CPU
	EndGlobalSection
	GlobalSection(ProjectConfigurationPlatforms) = postSolution
		{03F33DE2-ED2F-4321-851F-AF54F65FA8AC}.Debug|Any CPU.ActiveCfg = Debug|Any CPU
		{03F33DE2-ED2F-4321-851F-AF54F65FA8AC}.Debug|Any CPU.Build.0 = Debug|Any CPU
		{03F33DE2-ED2F-4321-851F-AF54F65FA8AC}.Release|Any CPU.ActiveCfg = Release|Any CPU
		{03F33DE2-ED2F-4321-851F-AF54F65FA8AC}.Release|Any CPU.Build.0 = Release|Any CPU
	EndGlobalSection
	GlobalSection(SolutionProperties) = preSolution
		HideSolutionNode = FALSE
	EndGlobalSection
	GlobalSection(ExtensibilityGlobals) = postSolution
		SolutionGuid = {BFF59E5C-A323-4D74-A900-E201A41A8366}
	EndGlobalSection
EndGlobal
